
Microsoft Visual Studio Solution File, Format Version 12.00
# Visual Studio Version 17
VisualStudioVersion = 17.7.34221.43
MinimumVisualStudioVersion = 10.0.40219.1
Project("{9A19103F-16F7-4668-BE54-9A1E7A4F7556}") = "1_Paskaita_.NET", "ConsoleApp1\1_Paskaita_.NET.csproj", "{3DAE1E53-9785-4E88-8D43-7F33FE7231C3}"
EndProject
Project("{9A19103F-16F7-4668-BE54-9A1E7A4F7556}") = "3_Paskaita_CondinalIfs", "CondinalIfs\3_Paskaita_CondinalIfs.csproj", "{268F7B54-70CA-4807-BA04-27D258D7E413}"
EndProject
Project("{9A19103F-16F7-4668-BE54-9A1E7A4F7556}") = "4_Paskaita_Switches", "Lesson_4_Switches\4_Paskaita_Switches.csproj", "{12CB6150-68E0-4AA2-8C19-2CD232D3394D}"
EndProject
Project("{9A19103F-16F7-4668-BE54-9A1E7A4F7556}") = "5_Paskaita_String_Manipulation", "Lesson_5_String_Manipulation\5_Paskaita_String_Manipulation.csproj", "{5BF2A8C1-572E-4504-8F9E-746A58AE54A3}"
EndProject
Project("{9A19103F-16F7-4668-BE54-9A1E7A4F7556}") = "Practice", "Practice\Practice.csproj", "{4A04F019-4E31-47E9-857D-A78440A4FD40}"
EndProject
Project("{9A19103F-16F7-4668-BE54-9A1E7A4F7556}") = "6A_Paskaita_WhileLoop", "6_Paskaita_WhileLoop\6A_Paskaita_WhileLoop.csproj", "{DE5461DC-90A7-4578-A112-F67C71CED142}"
EndProject
Project("{9A19103F-16F7-4668-BE54-9A1E7A4F7556}") = "6B_Paskaita_Do_While", "7_Paskaita_Do_While\6B_Paskaita_Do_While.csproj", "{2C5530AE-E094-4FD9-884B-C9CEA4D4D3A9}"
EndProject
Project("{9A19103F-16F7-4668-BE54-9A1E7A4F7556}") = "7_Paskaita_Methods", "7_Paskaita_Methods\7_Paskaita_Methods.csproj", "{F4CB950E-FE7C-478C-BD00-EBD39B9728B3}"
EndProject
Project("{9A19103F-16F7-4668-BE54-9A1E7A4F7556}") = "9_Paskaita_Ref_and_Out", "9_Paskaita_Ref_and_Out\9_Paskaita_Ref_and_Out.csproj", "{B7657FAB-A0E7-459D-9141-BEE3B2256BA6}"
EndProject
Project("{9A19103F-16F7-4668-BE54-9A1E7A4F7556}") = "2_Paskaita_Strings", "Practice_2\2_Paskaita_Strings.csproj", "{CC01433D-8162-4466-978C-F880C07659B2}"
EndProject
Project("{9A19103F-16F7-4668-BE54-9A1E7A4F7556}") = "11_Paskaita_Debug_StringBuilder", "11_Paskaita_Debug_StringBuilder\11_Paskaita_Debug_StringBuilder.csproj", "{52F64E29-6913-49D4-A5B4-5B638F47B91C}"
EndProject
Project("{9A19103F-16F7-4668-BE54-9A1E7A4F7556}") = "12_Paskaita_Arrays", "12_Paskaita_Arrays\12_Paskaita_Arrays.csproj", "{1BFEDEB0-9FFE-4F0F-B52B-46068A1E66D6}"
EndProject
Project("{9A19103F-16F7-4668-BE54-9A1E7A4F7556}") = "13_Paskaita_Multidimensional_Arrays", "13_Paskaita_Multidimensional_Arrays\13_Paskaita_Multidimensional_Arrays.csproj", "{33DD196D-A959-4CBA-A4C9-9F4CBC9671E0}"
EndProject
Project("{FAE04EC0-301F-11D3-BF4B-00C04F79EFBC}") = "14_Paskaita_Lists", "14_Paskaita_Lists\14_Paskaita_Lists.csproj", "{18FAB611-8D3E-45D0-AABC-86D97DDF642A}"
EndProject
Project("{FAE04EC0-301F-11D3-BF4B-00C04F79EFBC}") = "15_Random_And_Arrays", "Random_And_Arrays\15_Random_And_Arrays.csproj", "{FF5D76A8-B50E-4FB2-B87B-54A198F1EFB2}"
EndProject
Global
	GlobalSection(SolutionConfigurationPlatforms) = preSolution
		Debug|Any CPU = Debug|Any CPU
		Release|Any CPU = Release|Any CPU
	EndGlobalSection
	GlobalSection(ProjectConfigurationPlatforms) = postSolution
		{3DAE1E53-9785-4E88-8D43-7F33FE7231C3}.Debug|Any CPU.ActiveCfg = Debug|Any CPU
		{3DAE1E53-9785-4E88-8D43-7F33FE7231C3}.Debug|Any CPU.Build.0 = Debug|Any CPU
		{3DAE1E53-9785-4E88-8D43-7F33FE7231C3}.Release|Any CPU.ActiveCfg = Release|Any CPU
		{3DAE1E53-9785-4E88-8D43-7F33FE7231C3}.Release|Any CPU.Build.0 = Release|Any CPU
		{268F7B54-70CA-4807-BA04-27D258D7E413}.Debug|Any CPU.ActiveCfg = Debug|Any CPU
		{268F7B54-70CA-4807-BA04-27D258D7E413}.Debug|Any CPU.Build.0 = Debug|Any CPU
		{268F7B54-70CA-4807-BA04-27D258D7E413}.Release|Any CPU.ActiveCfg = Release|Any CPU
		{268F7B54-70CA-4807-BA04-27D258D7E413}.Release|Any CPU.Build.0 = Release|Any CPU
		{12CB6150-68E0-4AA2-8C19-2CD232D3394D}.Debug|Any CPU.ActiveCfg = Debug|Any CPU
		{12CB6150-68E0-4AA2-8C19-2CD232D3394D}.Debug|Any CPU.Build.0 = Debug|Any CPU
		{12CB6150-68E0-4AA2-8C19-2CD232D3394D}.Release|Any CPU.ActiveCfg = Release|Any CPU
		{12CB6150-68E0-4AA2-8C19-2CD232D3394D}.Release|Any CPU.Build.0 = Release|Any CPU
		{5BF2A8C1-572E-4504-8F9E-746A58AE54A3}.Debug|Any CPU.ActiveCfg = Debug|Any CPU
		{5BF2A8C1-572E-4504-8F9E-746A58AE54A3}.Debug|Any CPU.Build.0 = Debug|Any CPU
		{5BF2A8C1-572E-4504-8F9E-746A58AE54A3}.Release|Any CPU.ActiveCfg = Release|Any CPU
		{5BF2A8C1-572E-4504-8F9E-746A58AE54A3}.Release|Any CPU.Build.0 = Release|Any CPU
		{4A04F019-4E31-47E9-857D-A78440A4FD40}.Debug|Any CPU.ActiveCfg = Debug|Any CPU
		{4A04F019-4E31-47E9-857D-A78440A4FD40}.Debug|Any CPU.Build.0 = Debug|Any CPU
		{4A04F019-4E31-47E9-857D-A78440A4FD40}.Release|Any CPU.ActiveCfg = Release|Any CPU
		{4A04F019-4E31-47E9-857D-A78440A4FD40}.Release|Any CPU.Build.0 = Release|Any CPU
		{DE5461DC-90A7-4578-A112-F67C71CED142}.Debug|Any CPU.ActiveCfg = Debug|Any CPU
		{DE5461DC-90A7-4578-A112-F67C71CED142}.Debug|Any CPU.Build.0 = Debug|Any CPU
		{DE5461DC-90A7-4578-A112-F67C71CED142}.Release|Any CPU.ActiveCfg = Release|Any CPU
		{DE5461DC-90A7-4578-A112-F67C71CED142}.Release|Any CPU.Build.0 = Release|Any CPU
		{2C5530AE-E094-4FD9-884B-C9CEA4D4D3A9}.Debug|Any CPU.ActiveCfg = Debug|Any CPU
		{2C5530AE-E094-4FD9-884B-C9CEA4D4D3A9}.Debug|Any CPU.Build.0 = Debug|Any CPU
		{2C5530AE-E094-4FD9-884B-C9CEA4D4D3A9}.Release|Any CPU.ActiveCfg = Release|Any CPU
		{2C5530AE-E094-4FD9-884B-C9CEA4D4D3A9}.Release|Any CPU.Build.0 = Release|Any CPU
		{F4CB950E-FE7C-478C-BD00-EBD39B9728B3}.Debug|Any CPU.ActiveCfg = Debug|Any CPU
		{F4CB950E-FE7C-478C-BD00-EBD39B9728B3}.Debug|Any CPU.Build.0 = Debug|Any CPU
		{F4CB950E-FE7C-478C-BD00-EBD39B9728B3}.Release|Any CPU.ActiveCfg = Release|Any CPU
		{F4CB950E-FE7C-478C-BD00-EBD39B9728B3}.Release|Any CPU.Build.0 = Release|Any CPU
		{B7657FAB-A0E7-459D-9141-BEE3B2256BA6}.Debug|Any CPU.ActiveCfg = Debug|Any CPU
		{B7657FAB-A0E7-459D-9141-BEE3B2256BA6}.Debug|Any CPU.Build.0 = Debug|Any CPU
		{B7657FAB-A0E7-459D-9141-BEE3B2256BA6}.Release|Any CPU.ActiveCfg = Release|Any CPU
		{B7657FAB-A0E7-459D-9141-BEE3B2256BA6}.Release|Any CPU.Build.0 = Release|Any CPU
		{CC01433D-8162-4466-978C-F880C07659B2}.Debug|Any CPU.ActiveCfg = Debug|Any CPU
		{CC01433D-8162-4466-978C-F880C07659B2}.Debug|Any CPU.Build.0 = Debug|Any CPU
		{CC01433D-8162-4466-978C-F880C07659B2}.Release|Any CPU.ActiveCfg = Release|Any CPU
		{CC01433D-8162-4466-978C-F880C07659B2}.Release|Any CPU.Build.0 = Release|Any CPU
		{52F64E29-6913-49D4-A5B4-5B638F47B91C}.Debug|Any CPU.ActiveCfg = Debug|Any CPU
		{52F64E29-6913-49D4-A5B4-5B638F47B91C}.Debug|Any CPU.Build.0 = Debug|Any CPU
		{52F64E29-6913-49D4-A5B4-5B638F47B91C}.Release|Any CPU.ActiveCfg = Release|Any CPU
		{52F64E29-6913-49D4-A5B4-5B638F47B91C}.Release|Any CPU.Build.0 = Release|Any CPU
		{1BFEDEB0-9FFE-4F0F-B52B-46068A1E66D6}.Debug|Any CPU.ActiveCfg = Debug|Any CPU
		{1BFEDEB0-9FFE-4F0F-B52B-46068A1E66D6}.Debug|Any CPU.Build.0 = Debug|Any CPU
		{1BFEDEB0-9FFE-4F0F-B52B-46068A1E66D6}.Release|Any CPU.ActiveCfg = Release|Any CPU
		{1BFEDEB0-9FFE-4F0F-B52B-46068A1E66D6}.Release|Any CPU.Build.0 = Release|Any CPU
		{33DD196D-A959-4CBA-A4C9-9F4CBC9671E0}.Debug|Any CPU.ActiveCfg = Debug|Any CPU
		{33DD196D-A959-4CBA-A4C9-9F4CBC9671E0}.Debug|Any CPU.Build.0 = Debug|Any CPU
		{33DD196D-A959-4CBA-A4C9-9F4CBC9671E0}.Release|Any CPU.ActiveCfg = Release|Any CPU
		{33DD196D-A959-4CBA-A4C9-9F4CBC9671E0}.Release|Any CPU.Build.0 = Release|Any CPU
		{18FAB611-8D3E-45D0-AABC-86D97DDF642A}.Debug|Any CPU.ActiveCfg = Debug|Any CPU
		{18FAB611-8D3E-45D0-AABC-86D97DDF642A}.Debug|Any CPU.Build.0 = Debug|Any CPU
		{18FAB611-8D3E-45D0-AABC-86D97DDF642A}.Release|Any CPU.ActiveCfg = Release|Any CPU
		{18FAB611-8D3E-45D0-AABC-86D97DDF642A}.Release|Any CPU.Build.0 = Release|Any CPU
		{FF5D76A8-B50E-4FB2-B87B-54A198F1EFB2}.Debug|Any CPU.ActiveCfg = Debug|Any CPU
		{FF5D76A8-B50E-4FB2-B87B-54A198F1EFB2}.Debug|Any CPU.Build.0 = Debug|Any CPU
		{FF5D76A8-B50E-4FB2-B87B-54A198F1EFB2}.Release|Any CPU.ActiveCfg = Release|Any CPU
		{FF5D76A8-B50E-4FB2-B87B-54A198F1EFB2}.Release|Any CPU.Build.0 = Release|Any CPU
	EndGlobalSection
	GlobalSection(SolutionProperties) = preSolution
		HideSolutionNode = FALSE
	EndGlobalSection
	GlobalSection(ExtensibilityGlobals) = postSolution
		SolutionGuid = {DDD6FA89-BCD7-45A1-AF2F-0230E7D92E58}
	EndGlobalSection
EndGlobal
