
Microsoft Visual Studio Solution File, Format Version 12.00
# Visual Studio Version 17
VisualStudioVersion = 17.7.34221.43
MinimumVisualStudioVersion = 10.0.40219.1
Project("{9A19103F-16F7-4668-BE54-9A1E7A4F7556}") = "01_Paskaita_.NET", "ConsoleApp1\01_Paskaita_.NET.csproj", "{3DAE1E53-9785-4E88-8D43-7F33FE7231C3}"
EndProject
Project("{9A19103F-16F7-4668-BE54-9A1E7A4F7556}") = "03_Paskaita_CondinalIfs", "CondinalIfs\03_Paskaita_CondinalIfs.csproj", "{268F7B54-70CA-4807-BA04-27D258D7E413}"
EndProject
Project("{9A19103F-16F7-4668-BE54-9A1E7A4F7556}") = "04_Paskaita_Switches", "Lesson_4_Switches\04_Paskaita_Switches.csproj", "{12CB6150-68E0-4AA2-8C19-2CD232D3394D}"
EndProject
Project("{9A19103F-16F7-4668-BE54-9A1E7A4F7556}") = "05_Paskaita_String_Manipulation", "Lesson_5_String_Manipulation\05_Paskaita_String_Manipulation.csproj", "{5BF2A8C1-572E-4504-8F9E-746A58AE54A3}"
EndProject
Project("{9A19103F-16F7-4668-BE54-9A1E7A4F7556}") = "Practice", "Practice\Practice.csproj", "{4A04F019-4E31-47E9-857D-A78440A4FD40}"
EndProject
Project("{9A19103F-16F7-4668-BE54-9A1E7A4F7556}") = "06A_Paskaita_WhileLoop", "6_Paskaita_WhileLoop\06A_Paskaita_WhileLoop.csproj", "{DE5461DC-90A7-4578-A112-F67C71CED142}"
EndProject
Project("{9A19103F-16F7-4668-BE54-9A1E7A4F7556}") = "06B_Paskaita_Do_While", "7_Paskaita_Do_While\06B_Paskaita_Do_While.csproj", "{2C5530AE-E094-4FD9-884B-C9CEA4D4D3A9}"
EndProject
Project("{9A19103F-16F7-4668-BE54-9A1E7A4F7556}") = "07_Paskaita_Methods", "7_Paskaita_Methods\07_Paskaita_Methods.csproj", "{F4CB950E-FE7C-478C-BD00-EBD39B9728B3}"
EndProject
Project("{9A19103F-16F7-4668-BE54-9A1E7A4F7556}") = "09_Paskaita_Ref_and_Out", "9_Paskaita_Ref_and_Out\09_Paskaita_Ref_and_Out.csproj", "{B7657FAB-A0E7-459D-9141-BEE3B2256BA6}"
EndProject
Project("{9A19103F-16F7-4668-BE54-9A1E7A4F7556}") = "02_Paskaita_Strings", "Practice_2\02_Paskaita_Strings.csproj", "{CC01433D-8162-4466-978C-F880C07659B2}"
EndProject
Project("{9A19103F-16F7-4668-BE54-9A1E7A4F7556}") = "11_Paskaita_Debug_StringBuilder", "11_Paskaita_Debug_StringBuilder\11_Paskaita_Debug_StringBuilder.csproj", "{52F64E29-6913-49D4-A5B4-5B638F47B91C}"
EndProject
Project("{9A19103F-16F7-4668-BE54-9A1E7A4F7556}") = "12_Paskaita_Arrays", "12_Paskaita_Arrays\12_Paskaita_Arrays.csproj", "{1BFEDEB0-9FFE-4F0F-B52B-46068A1E66D6}"
EndProject
Project("{9A19103F-16F7-4668-BE54-9A1E7A4F7556}") = "13_Paskaita_Multidimensional_Arrays", "13_Paskaita_Multidimensional_Arrays\13_Paskaita_Multidimensional_Arrays.csproj", "{33DD196D-A959-4CBA-A4C9-9F4CBC9671E0}"
EndProject
Project("{9A19103F-16F7-4668-BE54-9A1E7A4F7556}") = "14_Paskaita_Lists", "14_Paskaita_Lists\14_Paskaita_Lists.csproj", "{18FAB611-8D3E-45D0-AABC-86D97DDF642A}"
EndProject
Project("{9A19103F-16F7-4668-BE54-9A1E7A4F7556}") = "15_Random_And_Arrays", "Random_And_Arrays\15_Random_And_Arrays.csproj", "{FF5D76A8-B50E-4FB2-B87B-54A198F1EFB2}"
EndProject
Project("{9A19103F-16F7-4668-BE54-9A1E7A4F7556}") = "Google", "Google\Google.csproj", "{B1C238DA-C962-4F87-AB02-8D2F85C29EB1}"
EndProject
Project("{9A19103F-16F7-4668-BE54-9A1E7A4F7556}") = "Practice_12_02", "Practice_12_02\Practice_12_02.csproj", "{D8CC2D73-76B8-4F8C-B1B7-4B3CDCF7490B}"
EndProject
Project("{9A19103F-16F7-4668-BE54-9A1E7A4F7556}") = "16_Paskaita_Dictionary", "16_Paskaita_Dictionary\16_Paskaita_Dictionary.csproj", "{EF23B40F-A6D4-4DF2-943A-4C03027D943D}"
EndProject
Project("{9A19103F-16F7-4668-BE54-9A1E7A4F7556}") = "17_Paskaita_BrainWar", "17_Paskaita_BrainWar\17_Paskaita_BrainWar.csproj", "{59BB3039-9A27-4EA6-A9BC-EE9CF42547E4}"
EndProject
Project("{9A19103F-16F7-4668-BE54-9A1E7A4F7556}") = "17_Paskaita_Draft", "17_Paskaita_Draft\17_Paskaita_Draft.csproj", "{76A50D5A-EA16-4BC8-8F2F-7B5D80516E68}"
EndProject
Project("{9A19103F-16F7-4668-BE54-9A1E7A4F7556}") = "TryGame_2", "TryGame_2\TryGame_2.csproj", "{8E826806-BFDC-49B5-B806-69D3B4196DC1}"
EndProject
Project("{9A19103F-16F7-4668-BE54-9A1E7A4F7556}") = "18_Paskaita_Objects", "18_Paskaita_Objects\18_Paskaita_Objects.csproj", "{78DA0D51-C886-408C-924B-8B80E682D871}"
EndProject
Project("{9A19103F-16F7-4668-BE54-9A1E7A4F7556}") = "19_Class methods", "19_Class methods\19_Class methods.csproj", "{D158CCF6-1808-4C46-BBB6-07D13DB9E5E6}"
EndProject
Project("{9A19103F-16F7-4668-BE54-9A1E7A4F7556}") = "20_Inheritance_Virtual", "20_Inheritance_Virtual\20_Inheritance_Virtual.csproj", "{0BCE2264-AA40-408A-A5FD-97BCB9B4A356}"
EndProject
Project("{9A19103F-16F7-4668-BE54-9A1E7A4F7556}") = "21_Paskaita_ Abstractions", "21_Paskaita_ Abstractions\21_Paskaita_ Abstractions.csproj", "{6AC70489-FE5A-4598-9396-D591F95BC805}"
EndProject
Project("{9A19103F-16F7-4668-BE54-9A1E7A4F7556}") = "22_Paskaita_ Accessibility", "22_Paskaita_ Accessibility\22_Paskaita_ Accessibility.csproj", "{3BADDACB-70C2-4691-96F4-1BB6B74B3170}"
EndProject
Project("{9A19103F-16F7-4668-BE54-9A1E7A4F7556}") = "23_Paskaita_Streams", "23_Paskaita_Streams\23_Paskaita_Streams.csproj", "{49A1E1FD-46C3-4A9A-995E-D225E225A159}"
EndProject
Project("{9A19103F-16F7-4668-BE54-9A1E7A4F7556}") = "24_Paskaita_Generics", "24_Paskaita_Generics\24_Paskaita_Generics.csproj", "{DC5FF580-6844-4A1E-A6C3-E6625B436348}"
EndProject
Project("{9A19103F-16F7-4668-BE54-9A1E7A4F7556}") = "25_Paskaita_Generics_P2", "25_Paskaita_Generics_P2\25_Paskaita_Generics_P2.csproj", "{68AAD161-D9E0-42EC-B411-F322F03FF808}"
EndProject
Project("{9A19103F-16F7-4668-BE54-9A1E7A4F7556}") = "26_Paskaita_Generics_P3", "26_Paskaita_Generics_P3\26_Paskaita_Generics_P3.csproj", "{80FC8E4F-1635-45E4-BD98-FD3FFABCEE1A}"
EndProject
Project("{9A19103F-16F7-4668-BE54-9A1E7A4F7556}") = "27_Paskaita_Exception_Handling", "27_Paskaita_Exception_Handling\27_Paskaita_Exception_Handling.csproj", "{D41602D3-8350-4F41-9A15-621C2423378F}"
EndProject
Project("{9A19103F-16F7-4668-BE54-9A1E7A4F7556}") = "28_Paskaita_Extension_methods", "28_Paskaita_Extension_methods\28_Paskaita_Extension_methods.csproj", "{940BB105-2323-416F-A430-F553CE49251B}"
EndProject
Project("{9A19103F-16F7-4668-BE54-9A1E7A4F7556}") = "29_Paskaita_DelegatesAndAnonymous_Linq_Lambda", "29_Paskaita_DelegatesAndAnonymous\29_Paskaita_DelegatesAndAnonymous_Linq_Lambda.csproj", "{158F53CC-65C7-4991-A4E0-99A0877AF54C}"
EndProject
Project("{9A19103F-16F7-4668-BE54-9A1E7A4F7556}") = "30_Interfaces_IComparer", "30_Interfaces_IComparer\30_Interfaces_IComparer.csproj", "{82ACF768-FA18-490F-8FB3-2B1C02F48E39}"
EndProject
Project("{9A19103F-16F7-4668-BE54-9A1E7A4F7556}") = "31_ATM", "31_ATM\31_ATM.csproj", "{EE5EB411-FF90-45F7-82D1-14ACCA772BF8}"
EndProject
Project("{9A19103F-16F7-4668-BE54-9A1E7A4F7556}") = "32_Paskaita_Enum_Tasks", "32_Paskaita_Enum_Tasks\32_Paskaita_Enum_Tasks.csproj", "{B0571AFE-C1AA-4C15-AEB6-481AEB074024}"
EndProject
Project("{9A19103F-16F7-4668-BE54-9A1E7A4F7556}") = "32_Paskaita_ATM_Drafts", "32_Paskaita_ATM_Drafts\32_Paskaita_ATM_Drafts.csproj", "{1E15B2A3-75E1-4474-A700-5266A39CC3FF}"
EndProject
Project("{9A19103F-16F7-4668-BE54-9A1E7A4F7556}") = "Practice1", "Copy_ATM\Practice1.csproj", "{F6A58B87-488F-40AB-B85A-88450A6BA8DA}"
EndProject
Project("{9A19103F-16F7-4668-BE54-9A1E7A4F7556}") = "Practice2", "Copy_ATM2\Practice2.csproj", "{508599E6-CE80-4D09-92D6-064B1097E25A}"
EndProject
Project("{9A19103F-16F7-4668-BE54-9A1E7A4F7556}") = "33_Paskaita_Async_Await", "33_Paskaita_Async_Await\33_Paskaita_Async_Await.csproj", "{1F3DF3C9-38FE-4350-B1A8-6975D8D0AF34}"
EndProject
Project("{9A19103F-16F7-4668-BE54-9A1E7A4F7556}") = "34_Paskaita", "34_Paskaita\34_Paskaita.csproj", "{4FA03818-FE77-45A6-AB4B-46F1D4708402}"
EndProject
Project("{9A19103F-16F7-4668-BE54-9A1E7A4F7556}") = "35_Paskaita_Architecture", "35_Paskaita_Architecture\35_Paskaita_Architecture.csproj", "{CBB656F0-1209-4D13-A86D-11BCBDC0BCF0}"
EndProject
Project("{9A19103F-16F7-4668-BE54-9A1E7A4F7556}") = "36_Paskaita_Restaurant_System", "36_Paskaita_Restaurant_System\36_Paskaita_Restaurant_System.csproj", "{C7B61A28-F260-4B22-81FA-2A8CE9977D9E}"
EndProject
Project("{9A19103F-16F7-4668-BE54-9A1E7A4F7556}") = "36_Draft", "36_Part2_Restaurant_Solution_Structured\36_Draft.csproj", "{E55F07AD-55C2-4F7F-B29F-3B95A113487F}"
EndProject
Project("{9A19103F-16F7-4668-BE54-9A1E7A4F7556}") = "36_Draft2", "Paskaita_36_Another_Saved_Version\36_Draft2.csproj", "{DE8C7FEA-55FD-4CEA-BADF-2258FBF07D8E}"
EndProject
Project("{9A19103F-16F7-4668-BE54-9A1E7A4F7556}") = "36_Paskaita_Restaurant_System_Structure", "36_Paskaita_Restaurant_System_Structure\36_Paskaita_Restaurant_System_Structure.csproj", "{F84B17E2-27ED-4385-B6B6-5336997D5C7F}"
EndProject
Project("{9A19103F-16F7-4668-BE54-9A1E7A4F7556}") = "37_MongoDB", "37_MongoDB\37_MongoDB.csproj", "{23E7C40B-3EB6-4CF4-AD8D-26DF38C65FD1}"
EndProject
Project("{9A19103F-16F7-4668-BE54-9A1E7A4F7556}") = "MongoDbtest", "MongoDbtest\MongoDbtest.csproj", "{BA997AA7-023C-4157-AD39-EECF0E06792D}"
EndProject
Project("{9A19103F-16F7-4668-BE54-9A1E7A4F7556}") = "38_RobotDb", "38_RobotDb\38_RobotDb.csproj", "{4FCB66BB-F412-4FB1-A396-A591704A3CEB}"
EndProject
Project("{9A19103F-16F7-4668-BE54-9A1E7A4F7556}") = "39_Paskaita_ManyToMany", "39_Paskaita_ManyToMany\39_Paskaita_ManyToMany.csproj", "{11A2694B-D757-439B-9BB8-8F3239639F9C}"
EndProject
Project("{9A19103F-16F7-4668-BE54-9A1E7A4F7556}") = "39_Paskaita_ManyToManyPart1", "39_Paskaita_ManyToManyPart1\39_Paskaita_ManyToManyPart1.csproj", "{B3184B6E-AFAB-4A0B-B822-5B8EA244788A}"
EndProject
Project("{9A19103F-16F7-4668-BE54-9A1E7A4F7556}") = "39_Paskaita_ManyToManyPart2", "39_Paskaita_ManyToManyPart2\39_Paskaita_ManyToManyPart2.csproj", "{D1A21042-040D-4E36-870D-5D21C8DF00D6}"
EndProject
Project("{9A19103F-16F7-4668-BE54-9A1E7A4F7556}") = "40_Paskaita_EntityFramework", "40_Paskaita_EntityFramework\40_Paskaita_EntityFramework.csproj", "{B193727A-C672-406A-A564-23B476D16AA9}"
EndProject
Project("{9A19103F-16F7-4668-BE54-9A1E7A4F7556}") = "36_Paskaita_Restaurant_System_Structure1", "36_Paskaita_Restaurant_System_Structure1\36_Paskaita_Restaurant_System_Structure1.csproj", "{19462053-2B2D-4EA4-A754-CCD4EF1ACA4C}"
EndProject
Project("{9A19103F-16F7-4668-BE54-9A1E7A4F7556}") = "36_Paskaita_EntityFrameworkProject", "36_Paskaita_EntityFrameworkProject\36_Paskaita_EntityFrameworkProject.csproj", "{07A0B115-82F5-40B3-B865-26A15E25F2D4}"
EndProject
Project("{9A19103F-16F7-4668-BE54-9A1E7A4F7556}") = "37_Paskaita_Exercise", "37_Paskaita_Exercise\37_Paskaita_Exercise.csproj", "{103B0283-4908-4ED2-B77D-C01CAD5DB4EA}"
EndProject
Project("{9A19103F-16F7-4668-BE54-9A1E7A4F7556}") = "41_Paskaita_Dapper", "41_Paskaita_Dapper\41_Paskaita_Dapper.csproj", "{626E75F2-3391-482F-89B4-A5D4D3BD3B48}"
EndProject
Project("{9A19103F-16F7-4668-BE54-9A1E7A4F7556}") = "42_Paskaita_Repetition", "42_Paskaita_Repetition\42_Paskaita_Repetition.csproj", "{4A0B4952-4997-4C46-A45A-8B9AE4A3164F}"
EndProject
Project("{9A19103F-16F7-4668-BE54-9A1E7A4F7556}") = "43_Paskaita_Exam_Databases", "43_Paskaita_Exam_Databases\43_Paskaita_Exam_Databases.csproj", "{A6DC4353-54D4-4CF2-9A1D-505FE57330DF}"
EndProject
Project("{9A19103F-16F7-4668-BE54-9A1E7A4F7556}") = "43_Paskaita_Exam_Databases_WithUi - DRAFT", "43_Paskaita_Exam_Databases_WithUi\43_Paskaita_Exam_Databases_WithUi - DRAFT.csproj", "{046652B3-5F83-49B1-BAD1-657B97E6A6E0}"
EndProject
Project("{9A19103F-16F7-4668-BE54-9A1E7A4F7556}") = "44_Paskaita_Testing", "44_Paskaita_Testing\44_Paskaita_Testing.csproj", "{636DBE2F-5E46-4A39-9795-EB1755EEF342}"
EndProject
Project("{9A19103F-16F7-4668-BE54-9A1E7A4F7556}") = "TestProject1", "TestProject1\TestProject1.csproj", "{5E96F961-704E-4377-BE3A-BD7E827A583B}"
EndProject
Project("{9A19103F-16F7-4668-BE54-9A1E7A4F7556}") = "44_Paskaita_Calculator", "44_Paskaita_Calculator\44_Paskaita_Calculator.csproj", "{2A62A636-6C92-4D91-B93E-D555133B8A63}"
EndProject
Project("{9A19103F-16F7-4668-BE54-9A1E7A4F7556}") = "44_Paskaita_Calculator_Testing", "44_Paskaita_Calculator_Testing\44_Paskaita_Calculator_Testing.csproj", "{DB6DB1AD-0608-4261-BFCF-F39558149749}"
EndProject
Project("{2150E333-8FDC-42A3-9474-1A3956D46DE8}") = "Level1", "Level1", "{2B0FB31A-A5BF-40C4-8130-329653842911}"
EndProject
Project("{2150E333-8FDC-42A3-9474-1A3956D46DE8}") = "Level2", "Level2", "{E1900297-888C-4F94-92BE-5AF33CBAA25D}"
EndProject
Project("{2150E333-8FDC-42A3-9474-1A3956D46DE8}") = "DB", "DB", "{D431E645-5019-43D4-9C6E-C85A97FD221B}"
EndProject
Project("{2150E333-8FDC-42A3-9474-1A3956D46DE8}") = "Tests", "Tests", "{1C99D3B0-133F-468B-BFD9-3631A9ABBE22}"
EndProject
Project("{9A19103F-16F7-4668-BE54-9A1E7A4F7556}") = "44_Paskaita_UnitTesting", "44_Paskaita_UnitTesting\44_Paskaita_UnitTesting.csproj", "{BDF9555C-66EF-4179-827B-A6D82DD9D517}"
EndProject
Project("{9A19103F-16F7-4668-BE54-9A1E7A4F7556}") = "IntegrationTests", "IntegrationTests\IntegrationTests.csproj", "{6C216C1F-7B2C-4D63-88A2-251A27CE9642}"
EndProject
Project("{9A19103F-16F7-4668-BE54-9A1E7A4F7556}") = "45_IntegrationTesting_StudentInformationSystem", "45_IntegrationTesting_StudentInformationSystem\45_IntegrationTesting_StudentInformationSystem.csproj", "{0070247E-7D5B-4105-8C0D-5D4B216E91FC}"
EndProject
Project("{9A19103F-16F7-4668-BE54-9A1E7A4F7556}") = "46_MoqTests", "46_MoqTests\46_MoqTests.csproj", "{C48CF7FF-A2D5-4EB3-AF39-B72BB1B3D477}"
EndProject
Project("{2150E333-8FDC-42A3-9474-1A3956D46DE8}") = "Drafts", "Drafts", "{0B28382B-84C7-4FC6-86E0-C44AF52A5AC5}"
EndProject
Project("{2150E333-8FDC-42A3-9474-1A3956D46DE8}") = ".NET API", ".NET API", "{CCE6724A-2099-445A-BECD-BFBF006D59AD}"
EndProject
Project("{9A19103F-16F7-4668-BE54-9A1E7A4F7556}") = "WebApiProjectNew", "WebApiProjectNew\WebApiProjectNew.csproj", "{4A363877-A165-4DC2-91DD-143240EDE991}"
EndProject
Project("{9A19103F-16F7-4668-BE54-9A1E7A4F7556}") = "DependencyInjection", "DependencyInjection\DependencyInjection.csproj", "{0F911267-6DF2-4E9B-A990-E6005C6EB47A}"
EndProject
Project("{FAE04EC0-301F-11D3-BF4B-00C04F79EFBC}") = "MiniProject", "MiniProject\MiniProject.csproj", "{9AD3F70E-D51C-49D7-94AE-EB217DCA4B2A}"
EndProject
Global
	GlobalSection(SolutionConfigurationPlatforms) = preSolution
		Debug|Any CPU = Debug|Any CPU
		Release|Any CPU = Release|Any CPU
	EndGlobalSection
	GlobalSection(ProjectConfigurationPlatforms) = postSolution
		{3DAE1E53-9785-4E88-8D43-7F33FE7231C3}.Debug|Any CPU.ActiveCfg = Debug|Any CPU
		{3DAE1E53-9785-4E88-8D43-7F33FE7231C3}.Debug|Any CPU.Build.0 = Debug|Any CPU
		{3DAE1E53-9785-4E88-8D43-7F33FE7231C3}.Release|Any CPU.ActiveCfg = Release|Any CPU
		{3DAE1E53-9785-4E88-8D43-7F33FE7231C3}.Release|Any CPU.Build.0 = Release|Any CPU
		{268F7B54-70CA-4807-BA04-27D258D7E413}.Debug|Any CPU.ActiveCfg = Debug|Any CPU
		{268F7B54-70CA-4807-BA04-27D258D7E413}.Debug|Any CPU.Build.0 = Debug|Any CPU
		{268F7B54-70CA-4807-BA04-27D258D7E413}.Release|Any CPU.ActiveCfg = Release|Any CPU
		{268F7B54-70CA-4807-BA04-27D258D7E413}.Release|Any CPU.Build.0 = Release|Any CPU
		{12CB6150-68E0-4AA2-8C19-2CD232D3394D}.Debug|Any CPU.ActiveCfg = Debug|Any CPU
		{12CB6150-68E0-4AA2-8C19-2CD232D3394D}.Debug|Any CPU.Build.0 = Debug|Any CPU
		{12CB6150-68E0-4AA2-8C19-2CD232D3394D}.Release|Any CPU.ActiveCfg = Release|Any CPU
		{12CB6150-68E0-4AA2-8C19-2CD232D3394D}.Release|Any CPU.Build.0 = Release|Any CPU
		{5BF2A8C1-572E-4504-8F9E-746A58AE54A3}.Debug|Any CPU.ActiveCfg = Debug|Any CPU
		{5BF2A8C1-572E-4504-8F9E-746A58AE54A3}.Debug|Any CPU.Build.0 = Debug|Any CPU
		{5BF2A8C1-572E-4504-8F9E-746A58AE54A3}.Release|Any CPU.ActiveCfg = Release|Any CPU
		{5BF2A8C1-572E-4504-8F9E-746A58AE54A3}.Release|Any CPU.Build.0 = Release|Any CPU
		{4A04F019-4E31-47E9-857D-A78440A4FD40}.Debug|Any CPU.ActiveCfg = Debug|Any CPU
		{4A04F019-4E31-47E9-857D-A78440A4FD40}.Debug|Any CPU.Build.0 = Debug|Any CPU
		{4A04F019-4E31-47E9-857D-A78440A4FD40}.Release|Any CPU.ActiveCfg = Release|Any CPU
		{4A04F019-4E31-47E9-857D-A78440A4FD40}.Release|Any CPU.Build.0 = Release|Any CPU
		{DE5461DC-90A7-4578-A112-F67C71CED142}.Debug|Any CPU.ActiveCfg = Debug|Any CPU
		{DE5461DC-90A7-4578-A112-F67C71CED142}.Debug|Any CPU.Build.0 = Debug|Any CPU
		{DE5461DC-90A7-4578-A112-F67C71CED142}.Release|Any CPU.ActiveCfg = Release|Any CPU
		{DE5461DC-90A7-4578-A112-F67C71CED142}.Release|Any CPU.Build.0 = Release|Any CPU
		{2C5530AE-E094-4FD9-884B-C9CEA4D4D3A9}.Debug|Any CPU.ActiveCfg = Debug|Any CPU
		{2C5530AE-E094-4FD9-884B-C9CEA4D4D3A9}.Debug|Any CPU.Build.0 = Debug|Any CPU
		{2C5530AE-E094-4FD9-884B-C9CEA4D4D3A9}.Release|Any CPU.ActiveCfg = Release|Any CPU
		{2C5530AE-E094-4FD9-884B-C9CEA4D4D3A9}.Release|Any CPU.Build.0 = Release|Any CPU
		{F4CB950E-FE7C-478C-BD00-EBD39B9728B3}.Debug|Any CPU.ActiveCfg = Debug|Any CPU
		{F4CB950E-FE7C-478C-BD00-EBD39B9728B3}.Debug|Any CPU.Build.0 = Debug|Any CPU
		{F4CB950E-FE7C-478C-BD00-EBD39B9728B3}.Release|Any CPU.ActiveCfg = Release|Any CPU
		{F4CB950E-FE7C-478C-BD00-EBD39B9728B3}.Release|Any CPU.Build.0 = Release|Any CPU
		{B7657FAB-A0E7-459D-9141-BEE3B2256BA6}.Debug|Any CPU.ActiveCfg = Debug|Any CPU
		{B7657FAB-A0E7-459D-9141-BEE3B2256BA6}.Debug|Any CPU.Build.0 = Debug|Any CPU
		{B7657FAB-A0E7-459D-9141-BEE3B2256BA6}.Release|Any CPU.ActiveCfg = Release|Any CPU
		{B7657FAB-A0E7-459D-9141-BEE3B2256BA6}.Release|Any CPU.Build.0 = Release|Any CPU
		{CC01433D-8162-4466-978C-F880C07659B2}.Debug|Any CPU.ActiveCfg = Debug|Any CPU
		{CC01433D-8162-4466-978C-F880C07659B2}.Debug|Any CPU.Build.0 = Debug|Any CPU
		{CC01433D-8162-4466-978C-F880C07659B2}.Release|Any CPU.ActiveCfg = Release|Any CPU
		{CC01433D-8162-4466-978C-F880C07659B2}.Release|Any CPU.Build.0 = Release|Any CPU
		{52F64E29-6913-49D4-A5B4-5B638F47B91C}.Debug|Any CPU.ActiveCfg = Debug|Any CPU
		{52F64E29-6913-49D4-A5B4-5B638F47B91C}.Debug|Any CPU.Build.0 = Debug|Any CPU
		{52F64E29-6913-49D4-A5B4-5B638F47B91C}.Release|Any CPU.ActiveCfg = Release|Any CPU
		{52F64E29-6913-49D4-A5B4-5B638F47B91C}.Release|Any CPU.Build.0 = Release|Any CPU
		{1BFEDEB0-9FFE-4F0F-B52B-46068A1E66D6}.Debug|Any CPU.ActiveCfg = Debug|Any CPU
		{1BFEDEB0-9FFE-4F0F-B52B-46068A1E66D6}.Debug|Any CPU.Build.0 = Debug|Any CPU
		{1BFEDEB0-9FFE-4F0F-B52B-46068A1E66D6}.Release|Any CPU.ActiveCfg = Release|Any CPU
		{1BFEDEB0-9FFE-4F0F-B52B-46068A1E66D6}.Release|Any CPU.Build.0 = Release|Any CPU
		{33DD196D-A959-4CBA-A4C9-9F4CBC9671E0}.Debug|Any CPU.ActiveCfg = Debug|Any CPU
		{33DD196D-A959-4CBA-A4C9-9F4CBC9671E0}.Debug|Any CPU.Build.0 = Debug|Any CPU
		{33DD196D-A959-4CBA-A4C9-9F4CBC9671E0}.Release|Any CPU.ActiveCfg = Release|Any CPU
		{33DD196D-A959-4CBA-A4C9-9F4CBC9671E0}.Release|Any CPU.Build.0 = Release|Any CPU
		{18FAB611-8D3E-45D0-AABC-86D97DDF642A}.Debug|Any CPU.ActiveCfg = Debug|Any CPU
		{18FAB611-8D3E-45D0-AABC-86D97DDF642A}.Debug|Any CPU.Build.0 = Debug|Any CPU
		{18FAB611-8D3E-45D0-AABC-86D97DDF642A}.Release|Any CPU.ActiveCfg = Release|Any CPU
		{18FAB611-8D3E-45D0-AABC-86D97DDF642A}.Release|Any CPU.Build.0 = Release|Any CPU
		{FF5D76A8-B50E-4FB2-B87B-54A198F1EFB2}.Debug|Any CPU.ActiveCfg = Debug|Any CPU
		{FF5D76A8-B50E-4FB2-B87B-54A198F1EFB2}.Debug|Any CPU.Build.0 = Debug|Any CPU
		{FF5D76A8-B50E-4FB2-B87B-54A198F1EFB2}.Release|Any CPU.ActiveCfg = Release|Any CPU
		{FF5D76A8-B50E-4FB2-B87B-54A198F1EFB2}.Release|Any CPU.Build.0 = Release|Any CPU
		{B1C238DA-C962-4F87-AB02-8D2F85C29EB1}.Debug|Any CPU.ActiveCfg = Debug|Any CPU
		{B1C238DA-C962-4F87-AB02-8D2F85C29EB1}.Debug|Any CPU.Build.0 = Debug|Any CPU
		{B1C238DA-C962-4F87-AB02-8D2F85C29EB1}.Release|Any CPU.ActiveCfg = Release|Any CPU
		{B1C238DA-C962-4F87-AB02-8D2F85C29EB1}.Release|Any CPU.Build.0 = Release|Any CPU
		{D8CC2D73-76B8-4F8C-B1B7-4B3CDCF7490B}.Debug|Any CPU.ActiveCfg = Debug|Any CPU
		{D8CC2D73-76B8-4F8C-B1B7-4B3CDCF7490B}.Debug|Any CPU.Build.0 = Debug|Any CPU
		{D8CC2D73-76B8-4F8C-B1B7-4B3CDCF7490B}.Release|Any CPU.ActiveCfg = Release|Any CPU
		{D8CC2D73-76B8-4F8C-B1B7-4B3CDCF7490B}.Release|Any CPU.Build.0 = Release|Any CPU
		{EF23B40F-A6D4-4DF2-943A-4C03027D943D}.Debug|Any CPU.ActiveCfg = Debug|Any CPU
		{EF23B40F-A6D4-4DF2-943A-4C03027D943D}.Debug|Any CPU.Build.0 = Debug|Any CPU
		{EF23B40F-A6D4-4DF2-943A-4C03027D943D}.Release|Any CPU.ActiveCfg = Release|Any CPU
		{EF23B40F-A6D4-4DF2-943A-4C03027D943D}.Release|Any CPU.Build.0 = Release|Any CPU
		{59BB3039-9A27-4EA6-A9BC-EE9CF42547E4}.Debug|Any CPU.ActiveCfg = Debug|Any CPU
		{59BB3039-9A27-4EA6-A9BC-EE9CF42547E4}.Debug|Any CPU.Build.0 = Debug|Any CPU
		{59BB3039-9A27-4EA6-A9BC-EE9CF42547E4}.Release|Any CPU.ActiveCfg = Release|Any CPU
		{59BB3039-9A27-4EA6-A9BC-EE9CF42547E4}.Release|Any CPU.Build.0 = Release|Any CPU
		{76A50D5A-EA16-4BC8-8F2F-7B5D80516E68}.Debug|Any CPU.ActiveCfg = Debug|Any CPU
		{76A50D5A-EA16-4BC8-8F2F-7B5D80516E68}.Debug|Any CPU.Build.0 = Debug|Any CPU
		{76A50D5A-EA16-4BC8-8F2F-7B5D80516E68}.Release|Any CPU.ActiveCfg = Release|Any CPU
		{76A50D5A-EA16-4BC8-8F2F-7B5D80516E68}.Release|Any CPU.Build.0 = Release|Any CPU
		{8E826806-BFDC-49B5-B806-69D3B4196DC1}.Debug|Any CPU.ActiveCfg = Debug|Any CPU
		{8E826806-BFDC-49B5-B806-69D3B4196DC1}.Debug|Any CPU.Build.0 = Debug|Any CPU
		{8E826806-BFDC-49B5-B806-69D3B4196DC1}.Release|Any CPU.ActiveCfg = Release|Any CPU
		{8E826806-BFDC-49B5-B806-69D3B4196DC1}.Release|Any CPU.Build.0 = Release|Any CPU
		{78DA0D51-C886-408C-924B-8B80E682D871}.Debug|Any CPU.ActiveCfg = Debug|Any CPU
		{78DA0D51-C886-408C-924B-8B80E682D871}.Debug|Any CPU.Build.0 = Debug|Any CPU
		{78DA0D51-C886-408C-924B-8B80E682D871}.Release|Any CPU.ActiveCfg = Release|Any CPU
		{78DA0D51-C886-408C-924B-8B80E682D871}.Release|Any CPU.Build.0 = Release|Any CPU
		{D158CCF6-1808-4C46-BBB6-07D13DB9E5E6}.Debug|Any CPU.ActiveCfg = Debug|Any CPU
		{D158CCF6-1808-4C46-BBB6-07D13DB9E5E6}.Debug|Any CPU.Build.0 = Debug|Any CPU
		{D158CCF6-1808-4C46-BBB6-07D13DB9E5E6}.Release|Any CPU.ActiveCfg = Release|Any CPU
		{D158CCF6-1808-4C46-BBB6-07D13DB9E5E6}.Release|Any CPU.Build.0 = Release|Any CPU
		{0BCE2264-AA40-408A-A5FD-97BCB9B4A356}.Debug|Any CPU.ActiveCfg = Debug|Any CPU
		{0BCE2264-AA40-408A-A5FD-97BCB9B4A356}.Debug|Any CPU.Build.0 = Debug|Any CPU
		{0BCE2264-AA40-408A-A5FD-97BCB9B4A356}.Release|Any CPU.ActiveCfg = Release|Any CPU
		{0BCE2264-AA40-408A-A5FD-97BCB9B4A356}.Release|Any CPU.Build.0 = Release|Any CPU
		{6AC70489-FE5A-4598-9396-D591F95BC805}.Debug|Any CPU.ActiveCfg = Debug|Any CPU
		{6AC70489-FE5A-4598-9396-D591F95BC805}.Debug|Any CPU.Build.0 = Debug|Any CPU
		{6AC70489-FE5A-4598-9396-D591F95BC805}.Release|Any CPU.ActiveCfg = Release|Any CPU
		{6AC70489-FE5A-4598-9396-D591F95BC805}.Release|Any CPU.Build.0 = Release|Any CPU
		{3BADDACB-70C2-4691-96F4-1BB6B74B3170}.Debug|Any CPU.ActiveCfg = Debug|Any CPU
		{3BADDACB-70C2-4691-96F4-1BB6B74B3170}.Debug|Any CPU.Build.0 = Debug|Any CPU
		{3BADDACB-70C2-4691-96F4-1BB6B74B3170}.Release|Any CPU.ActiveCfg = Release|Any CPU
		{3BADDACB-70C2-4691-96F4-1BB6B74B3170}.Release|Any CPU.Build.0 = Release|Any CPU
		{49A1E1FD-46C3-4A9A-995E-D225E225A159}.Debug|Any CPU.ActiveCfg = Debug|Any CPU
		{49A1E1FD-46C3-4A9A-995E-D225E225A159}.Debug|Any CPU.Build.0 = Debug|Any CPU
		{49A1E1FD-46C3-4A9A-995E-D225E225A159}.Release|Any CPU.ActiveCfg = Release|Any CPU
		{49A1E1FD-46C3-4A9A-995E-D225E225A159}.Release|Any CPU.Build.0 = Release|Any CPU
		{DC5FF580-6844-4A1E-A6C3-E6625B436348}.Debug|Any CPU.ActiveCfg = Debug|Any CPU
		{DC5FF580-6844-4A1E-A6C3-E6625B436348}.Debug|Any CPU.Build.0 = Debug|Any CPU
		{DC5FF580-6844-4A1E-A6C3-E6625B436348}.Release|Any CPU.ActiveCfg = Release|Any CPU
		{DC5FF580-6844-4A1E-A6C3-E6625B436348}.Release|Any CPU.Build.0 = Release|Any CPU
		{68AAD161-D9E0-42EC-B411-F322F03FF808}.Debug|Any CPU.ActiveCfg = Debug|Any CPU
		{68AAD161-D9E0-42EC-B411-F322F03FF808}.Debug|Any CPU.Build.0 = Debug|Any CPU
		{68AAD161-D9E0-42EC-B411-F322F03FF808}.Release|Any CPU.ActiveCfg = Release|Any CPU
		{68AAD161-D9E0-42EC-B411-F322F03FF808}.Release|Any CPU.Build.0 = Release|Any CPU
		{80FC8E4F-1635-45E4-BD98-FD3FFABCEE1A}.Debug|Any CPU.ActiveCfg = Debug|Any CPU
		{80FC8E4F-1635-45E4-BD98-FD3FFABCEE1A}.Debug|Any CPU.Build.0 = Debug|Any CPU
		{80FC8E4F-1635-45E4-BD98-FD3FFABCEE1A}.Release|Any CPU.ActiveCfg = Release|Any CPU
		{80FC8E4F-1635-45E4-BD98-FD3FFABCEE1A}.Release|Any CPU.Build.0 = Release|Any CPU
		{D41602D3-8350-4F41-9A15-621C2423378F}.Debug|Any CPU.ActiveCfg = Debug|Any CPU
		{D41602D3-8350-4F41-9A15-621C2423378F}.Debug|Any CPU.Build.0 = Debug|Any CPU
		{D41602D3-8350-4F41-9A15-621C2423378F}.Release|Any CPU.ActiveCfg = Release|Any CPU
		{D41602D3-8350-4F41-9A15-621C2423378F}.Release|Any CPU.Build.0 = Release|Any CPU
		{940BB105-2323-416F-A430-F553CE49251B}.Debug|Any CPU.ActiveCfg = Debug|Any CPU
		{940BB105-2323-416F-A430-F553CE49251B}.Debug|Any CPU.Build.0 = Debug|Any CPU
		{940BB105-2323-416F-A430-F553CE49251B}.Release|Any CPU.ActiveCfg = Release|Any CPU
		{940BB105-2323-416F-A430-F553CE49251B}.Release|Any CPU.Build.0 = Release|Any CPU
		{158F53CC-65C7-4991-A4E0-99A0877AF54C}.Debug|Any CPU.ActiveCfg = Debug|Any CPU
		{158F53CC-65C7-4991-A4E0-99A0877AF54C}.Debug|Any CPU.Build.0 = Debug|Any CPU
		{158F53CC-65C7-4991-A4E0-99A0877AF54C}.Release|Any CPU.ActiveCfg = Release|Any CPU
		{158F53CC-65C7-4991-A4E0-99A0877AF54C}.Release|Any CPU.Build.0 = Release|Any CPU
		{82ACF768-FA18-490F-8FB3-2B1C02F48E39}.Debug|Any CPU.ActiveCfg = Debug|Any CPU
		{82ACF768-FA18-490F-8FB3-2B1C02F48E39}.Debug|Any CPU.Build.0 = Debug|Any CPU
		{82ACF768-FA18-490F-8FB3-2B1C02F48E39}.Release|Any CPU.ActiveCfg = Release|Any CPU
		{82ACF768-FA18-490F-8FB3-2B1C02F48E39}.Release|Any CPU.Build.0 = Release|Any CPU
		{EE5EB411-FF90-45F7-82D1-14ACCA772BF8}.Debug|Any CPU.ActiveCfg = Debug|Any CPU
		{EE5EB411-FF90-45F7-82D1-14ACCA772BF8}.Debug|Any CPU.Build.0 = Debug|Any CPU
		{EE5EB411-FF90-45F7-82D1-14ACCA772BF8}.Release|Any CPU.ActiveCfg = Release|Any CPU
		{EE5EB411-FF90-45F7-82D1-14ACCA772BF8}.Release|Any CPU.Build.0 = Release|Any CPU
		{B0571AFE-C1AA-4C15-AEB6-481AEB074024}.Debug|Any CPU.ActiveCfg = Debug|Any CPU
		{B0571AFE-C1AA-4C15-AEB6-481AEB074024}.Debug|Any CPU.Build.0 = Debug|Any CPU
		{B0571AFE-C1AA-4C15-AEB6-481AEB074024}.Release|Any CPU.ActiveCfg = Release|Any CPU
		{B0571AFE-C1AA-4C15-AEB6-481AEB074024}.Release|Any CPU.Build.0 = Release|Any CPU
		{1E15B2A3-75E1-4474-A700-5266A39CC3FF}.Debug|Any CPU.ActiveCfg = Debug|Any CPU
		{1E15B2A3-75E1-4474-A700-5266A39CC3FF}.Debug|Any CPU.Build.0 = Debug|Any CPU
		{1E15B2A3-75E1-4474-A700-5266A39CC3FF}.Release|Any CPU.ActiveCfg = Release|Any CPU
		{1E15B2A3-75E1-4474-A700-5266A39CC3FF}.Release|Any CPU.Build.0 = Release|Any CPU
		{F6A58B87-488F-40AB-B85A-88450A6BA8DA}.Debug|Any CPU.ActiveCfg = Debug|Any CPU
		{F6A58B87-488F-40AB-B85A-88450A6BA8DA}.Debug|Any CPU.Build.0 = Debug|Any CPU
		{F6A58B87-488F-40AB-B85A-88450A6BA8DA}.Release|Any CPU.ActiveCfg = Release|Any CPU
		{F6A58B87-488F-40AB-B85A-88450A6BA8DA}.Release|Any CPU.Build.0 = Release|Any CPU
		{508599E6-CE80-4D09-92D6-064B1097E25A}.Debug|Any CPU.ActiveCfg = Debug|Any CPU
		{508599E6-CE80-4D09-92D6-064B1097E25A}.Debug|Any CPU.Build.0 = Debug|Any CPU
		{508599E6-CE80-4D09-92D6-064B1097E25A}.Release|Any CPU.ActiveCfg = Release|Any CPU
		{508599E6-CE80-4D09-92D6-064B1097E25A}.Release|Any CPU.Build.0 = Release|Any CPU
		{1F3DF3C9-38FE-4350-B1A8-6975D8D0AF34}.Debug|Any CPU.ActiveCfg = Debug|Any CPU
		{1F3DF3C9-38FE-4350-B1A8-6975D8D0AF34}.Debug|Any CPU.Build.0 = Debug|Any CPU
		{1F3DF3C9-38FE-4350-B1A8-6975D8D0AF34}.Release|Any CPU.ActiveCfg = Release|Any CPU
		{1F3DF3C9-38FE-4350-B1A8-6975D8D0AF34}.Release|Any CPU.Build.0 = Release|Any CPU
		{4FA03818-FE77-45A6-AB4B-46F1D4708402}.Debug|Any CPU.ActiveCfg = Debug|Any CPU
		{4FA03818-FE77-45A6-AB4B-46F1D4708402}.Debug|Any CPU.Build.0 = Debug|Any CPU
		{4FA03818-FE77-45A6-AB4B-46F1D4708402}.Release|Any CPU.ActiveCfg = Release|Any CPU
		{4FA03818-FE77-45A6-AB4B-46F1D4708402}.Release|Any CPU.Build.0 = Release|Any CPU
		{CBB656F0-1209-4D13-A86D-11BCBDC0BCF0}.Debug|Any CPU.ActiveCfg = Debug|Any CPU
		{CBB656F0-1209-4D13-A86D-11BCBDC0BCF0}.Debug|Any CPU.Build.0 = Debug|Any CPU
		{CBB656F0-1209-4D13-A86D-11BCBDC0BCF0}.Release|Any CPU.ActiveCfg = Release|Any CPU
		{CBB656F0-1209-4D13-A86D-11BCBDC0BCF0}.Release|Any CPU.Build.0 = Release|Any CPU
		{C7B61A28-F260-4B22-81FA-2A8CE9977D9E}.Debug|Any CPU.ActiveCfg = Debug|Any CPU
		{C7B61A28-F260-4B22-81FA-2A8CE9977D9E}.Debug|Any CPU.Build.0 = Debug|Any CPU
		{C7B61A28-F260-4B22-81FA-2A8CE9977D9E}.Release|Any CPU.ActiveCfg = Release|Any CPU
		{C7B61A28-F260-4B22-81FA-2A8CE9977D9E}.Release|Any CPU.Build.0 = Release|Any CPU
		{E55F07AD-55C2-4F7F-B29F-3B95A113487F}.Debug|Any CPU.ActiveCfg = Debug|Any CPU
		{E55F07AD-55C2-4F7F-B29F-3B95A113487F}.Debug|Any CPU.Build.0 = Debug|Any CPU
		{E55F07AD-55C2-4F7F-B29F-3B95A113487F}.Release|Any CPU.ActiveCfg = Release|Any CPU
		{E55F07AD-55C2-4F7F-B29F-3B95A113487F}.Release|Any CPU.Build.0 = Release|Any CPU
		{DE8C7FEA-55FD-4CEA-BADF-2258FBF07D8E}.Debug|Any CPU.ActiveCfg = Debug|Any CPU
		{DE8C7FEA-55FD-4CEA-BADF-2258FBF07D8E}.Debug|Any CPU.Build.0 = Debug|Any CPU
		{DE8C7FEA-55FD-4CEA-BADF-2258FBF07D8E}.Release|Any CPU.ActiveCfg = Release|Any CPU
		{DE8C7FEA-55FD-4CEA-BADF-2258FBF07D8E}.Release|Any CPU.Build.0 = Release|Any CPU
		{F84B17E2-27ED-4385-B6B6-5336997D5C7F}.Debug|Any CPU.ActiveCfg = Debug|Any CPU
		{F84B17E2-27ED-4385-B6B6-5336997D5C7F}.Debug|Any CPU.Build.0 = Debug|Any CPU
		{F84B17E2-27ED-4385-B6B6-5336997D5C7F}.Release|Any CPU.ActiveCfg = Release|Any CPU
		{F84B17E2-27ED-4385-B6B6-5336997D5C7F}.Release|Any CPU.Build.0 = Release|Any CPU
		{23E7C40B-3EB6-4CF4-AD8D-26DF38C65FD1}.Debug|Any CPU.ActiveCfg = Debug|Any CPU
		{23E7C40B-3EB6-4CF4-AD8D-26DF38C65FD1}.Debug|Any CPU.Build.0 = Debug|Any CPU
		{23E7C40B-3EB6-4CF4-AD8D-26DF38C65FD1}.Release|Any CPU.ActiveCfg = Release|Any CPU
		{23E7C40B-3EB6-4CF4-AD8D-26DF38C65FD1}.Release|Any CPU.Build.0 = Release|Any CPU
		{BA997AA7-023C-4157-AD39-EECF0E06792D}.Debug|Any CPU.ActiveCfg = Debug|Any CPU
		{BA997AA7-023C-4157-AD39-EECF0E06792D}.Debug|Any CPU.Build.0 = Debug|Any CPU
		{BA997AA7-023C-4157-AD39-EECF0E06792D}.Release|Any CPU.ActiveCfg = Release|Any CPU
		{BA997AA7-023C-4157-AD39-EECF0E06792D}.Release|Any CPU.Build.0 = Release|Any CPU
		{4FCB66BB-F412-4FB1-A396-A591704A3CEB}.Debug|Any CPU.ActiveCfg = Debug|Any CPU
		{4FCB66BB-F412-4FB1-A396-A591704A3CEB}.Debug|Any CPU.Build.0 = Debug|Any CPU
		{4FCB66BB-F412-4FB1-A396-A591704A3CEB}.Release|Any CPU.ActiveCfg = Release|Any CPU
		{4FCB66BB-F412-4FB1-A396-A591704A3CEB}.Release|Any CPU.Build.0 = Release|Any CPU
		{11A2694B-D757-439B-9BB8-8F3239639F9C}.Debug|Any CPU.ActiveCfg = Debug|Any CPU
		{11A2694B-D757-439B-9BB8-8F3239639F9C}.Debug|Any CPU.Build.0 = Debug|Any CPU
		{11A2694B-D757-439B-9BB8-8F3239639F9C}.Release|Any CPU.ActiveCfg = Release|Any CPU
		{11A2694B-D757-439B-9BB8-8F3239639F9C}.Release|Any CPU.Build.0 = Release|Any CPU
		{B3184B6E-AFAB-4A0B-B822-5B8EA244788A}.Debug|Any CPU.ActiveCfg = Debug|Any CPU
		{B3184B6E-AFAB-4A0B-B822-5B8EA244788A}.Debug|Any CPU.Build.0 = Debug|Any CPU
		{B3184B6E-AFAB-4A0B-B822-5B8EA244788A}.Release|Any CPU.ActiveCfg = Release|Any CPU
		{B3184B6E-AFAB-4A0B-B822-5B8EA244788A}.Release|Any CPU.Build.0 = Release|Any CPU
		{D1A21042-040D-4E36-870D-5D21C8DF00D6}.Debug|Any CPU.ActiveCfg = Debug|Any CPU
		{D1A21042-040D-4E36-870D-5D21C8DF00D6}.Debug|Any CPU.Build.0 = Debug|Any CPU
		{D1A21042-040D-4E36-870D-5D21C8DF00D6}.Release|Any CPU.ActiveCfg = Release|Any CPU
		{D1A21042-040D-4E36-870D-5D21C8DF00D6}.Release|Any CPU.Build.0 = Release|Any CPU
		{B193727A-C672-406A-A564-23B476D16AA9}.Debug|Any CPU.ActiveCfg = Debug|Any CPU
		{B193727A-C672-406A-A564-23B476D16AA9}.Debug|Any CPU.Build.0 = Debug|Any CPU
		{B193727A-C672-406A-A564-23B476D16AA9}.Release|Any CPU.ActiveCfg = Release|Any CPU
		{B193727A-C672-406A-A564-23B476D16AA9}.Release|Any CPU.Build.0 = Release|Any CPU
		{19462053-2B2D-4EA4-A754-CCD4EF1ACA4C}.Debug|Any CPU.ActiveCfg = Debug|Any CPU
		{19462053-2B2D-4EA4-A754-CCD4EF1ACA4C}.Debug|Any CPU.Build.0 = Debug|Any CPU
		{19462053-2B2D-4EA4-A754-CCD4EF1ACA4C}.Release|Any CPU.ActiveCfg = Release|Any CPU
		{19462053-2B2D-4EA4-A754-CCD4EF1ACA4C}.Release|Any CPU.Build.0 = Release|Any CPU
		{07A0B115-82F5-40B3-B865-26A15E25F2D4}.Debug|Any CPU.ActiveCfg = Debug|Any CPU
		{07A0B115-82F5-40B3-B865-26A15E25F2D4}.Debug|Any CPU.Build.0 = Debug|Any CPU
		{07A0B115-82F5-40B3-B865-26A15E25F2D4}.Release|Any CPU.ActiveCfg = Release|Any CPU
		{07A0B115-82F5-40B3-B865-26A15E25F2D4}.Release|Any CPU.Build.0 = Release|Any CPU
		{103B0283-4908-4ED2-B77D-C01CAD5DB4EA}.Debug|Any CPU.ActiveCfg = Debug|Any CPU
		{103B0283-4908-4ED2-B77D-C01CAD5DB4EA}.Debug|Any CPU.Build.0 = Debug|Any CPU
		{103B0283-4908-4ED2-B77D-C01CAD5DB4EA}.Release|Any CPU.ActiveCfg = Release|Any CPU
		{103B0283-4908-4ED2-B77D-C01CAD5DB4EA}.Release|Any CPU.Build.0 = Release|Any CPU
		{626E75F2-3391-482F-89B4-A5D4D3BD3B48}.Debug|Any CPU.ActiveCfg = Debug|Any CPU
		{626E75F2-3391-482F-89B4-A5D4D3BD3B48}.Debug|Any CPU.Build.0 = Debug|Any CPU
		{626E75F2-3391-482F-89B4-A5D4D3BD3B48}.Release|Any CPU.ActiveCfg = Release|Any CPU
		{626E75F2-3391-482F-89B4-A5D4D3BD3B48}.Release|Any CPU.Build.0 = Release|Any CPU
		{4A0B4952-4997-4C46-A45A-8B9AE4A3164F}.Debug|Any CPU.ActiveCfg = Debug|Any CPU
		{4A0B4952-4997-4C46-A45A-8B9AE4A3164F}.Debug|Any CPU.Build.0 = Debug|Any CPU
		{4A0B4952-4997-4C46-A45A-8B9AE4A3164F}.Release|Any CPU.ActiveCfg = Release|Any CPU
		{4A0B4952-4997-4C46-A45A-8B9AE4A3164F}.Release|Any CPU.Build.0 = Release|Any CPU
		{A6DC4353-54D4-4CF2-9A1D-505FE57330DF}.Debug|Any CPU.ActiveCfg = Debug|Any CPU
		{A6DC4353-54D4-4CF2-9A1D-505FE57330DF}.Debug|Any CPU.Build.0 = Debug|Any CPU
		{A6DC4353-54D4-4CF2-9A1D-505FE57330DF}.Release|Any CPU.ActiveCfg = Release|Any CPU
		{A6DC4353-54D4-4CF2-9A1D-505FE57330DF}.Release|Any CPU.Build.0 = Release|Any CPU
		{046652B3-5F83-49B1-BAD1-657B97E6A6E0}.Debug|Any CPU.ActiveCfg = Debug|Any CPU
		{046652B3-5F83-49B1-BAD1-657B97E6A6E0}.Debug|Any CPU.Build.0 = Debug|Any CPU
		{046652B3-5F83-49B1-BAD1-657B97E6A6E0}.Release|Any CPU.ActiveCfg = Release|Any CPU
		{046652B3-5F83-49B1-BAD1-657B97E6A6E0}.Release|Any CPU.Build.0 = Release|Any CPU
		{636DBE2F-5E46-4A39-9795-EB1755EEF342}.Debug|Any CPU.ActiveCfg = Debug|Any CPU
		{636DBE2F-5E46-4A39-9795-EB1755EEF342}.Debug|Any CPU.Build.0 = Debug|Any CPU
		{636DBE2F-5E46-4A39-9795-EB1755EEF342}.Release|Any CPU.ActiveCfg = Release|Any CPU
		{636DBE2F-5E46-4A39-9795-EB1755EEF342}.Release|Any CPU.Build.0 = Release|Any CPU
		{5E96F961-704E-4377-BE3A-BD7E827A583B}.Debug|Any CPU.ActiveCfg = Debug|Any CPU
		{5E96F961-704E-4377-BE3A-BD7E827A583B}.Debug|Any CPU.Build.0 = Debug|Any CPU
		{5E96F961-704E-4377-BE3A-BD7E827A583B}.Release|Any CPU.ActiveCfg = Release|Any CPU
		{5E96F961-704E-4377-BE3A-BD7E827A583B}.Release|Any CPU.Build.0 = Release|Any CPU
		{2A62A636-6C92-4D91-B93E-D555133B8A63}.Debug|Any CPU.ActiveCfg = Debug|Any CPU
		{2A62A636-6C92-4D91-B93E-D555133B8A63}.Debug|Any CPU.Build.0 = Debug|Any CPU
		{2A62A636-6C92-4D91-B93E-D555133B8A63}.Release|Any CPU.ActiveCfg = Release|Any CPU
		{2A62A636-6C92-4D91-B93E-D555133B8A63}.Release|Any CPU.Build.0 = Release|Any CPU
		{DB6DB1AD-0608-4261-BFCF-F39558149749}.Debug|Any CPU.ActiveCfg = Debug|Any CPU
		{DB6DB1AD-0608-4261-BFCF-F39558149749}.Debug|Any CPU.Build.0 = Debug|Any CPU
		{DB6DB1AD-0608-4261-BFCF-F39558149749}.Release|Any CPU.ActiveCfg = Release|Any CPU
		{DB6DB1AD-0608-4261-BFCF-F39558149749}.Release|Any CPU.Build.0 = Release|Any CPU
		{BDF9555C-66EF-4179-827B-A6D82DD9D517}.Debug|Any CPU.ActiveCfg = Debug|Any CPU
		{BDF9555C-66EF-4179-827B-A6D82DD9D517}.Debug|Any CPU.Build.0 = Debug|Any CPU
		{BDF9555C-66EF-4179-827B-A6D82DD9D517}.Release|Any CPU.ActiveCfg = Release|Any CPU
		{BDF9555C-66EF-4179-827B-A6D82DD9D517}.Release|Any CPU.Build.0 = Release|Any CPU
		{6C216C1F-7B2C-4D63-88A2-251A27CE9642}.Debug|Any CPU.ActiveCfg = Debug|Any CPU
		{6C216C1F-7B2C-4D63-88A2-251A27CE9642}.Debug|Any CPU.Build.0 = Debug|Any CPU
		{6C216C1F-7B2C-4D63-88A2-251A27CE9642}.Release|Any CPU.ActiveCfg = Release|Any CPU
		{6C216C1F-7B2C-4D63-88A2-251A27CE9642}.Release|Any CPU.Build.0 = Release|Any CPU
		{0070247E-7D5B-4105-8C0D-5D4B216E91FC}.Debug|Any CPU.ActiveCfg = Debug|Any CPU
		{0070247E-7D5B-4105-8C0D-5D4B216E91FC}.Debug|Any CPU.Build.0 = Debug|Any CPU
		{0070247E-7D5B-4105-8C0D-5D4B216E91FC}.Release|Any CPU.ActiveCfg = Release|Any CPU
		{0070247E-7D5B-4105-8C0D-5D4B216E91FC}.Release|Any CPU.Build.0 = Release|Any CPU
		{C48CF7FF-A2D5-4EB3-AF39-B72BB1B3D477}.Debug|Any CPU.ActiveCfg = Debug|Any CPU
		{C48CF7FF-A2D5-4EB3-AF39-B72BB1B3D477}.Debug|Any CPU.Build.0 = Debug|Any CPU
		{C48CF7FF-A2D5-4EB3-AF39-B72BB1B3D477}.Release|Any CPU.ActiveCfg = Release|Any CPU
		{C48CF7FF-A2D5-4EB3-AF39-B72BB1B3D477}.Release|Any CPU.Build.0 = Release|Any CPU
		{4A363877-A165-4DC2-91DD-143240EDE991}.Debug|Any CPU.ActiveCfg = Debug|Any CPU
		{4A363877-A165-4DC2-91DD-143240EDE991}.Debug|Any CPU.Build.0 = Debug|Any CPU
		{4A363877-A165-4DC2-91DD-143240EDE991}.Release|Any CPU.ActiveCfg = Release|Any CPU
		{4A363877-A165-4DC2-91DD-143240EDE991}.Release|Any CPU.Build.0 = Release|Any CPU
		{0F911267-6DF2-4E9B-A990-E6005C6EB47A}.Debug|Any CPU.ActiveCfg = Debug|Any CPU
		{0F911267-6DF2-4E9B-A990-E6005C6EB47A}.Debug|Any CPU.Build.0 = Debug|Any CPU
		{0F911267-6DF2-4E9B-A990-E6005C6EB47A}.Release|Any CPU.ActiveCfg = Release|Any CPU
		{0F911267-6DF2-4E9B-A990-E6005C6EB47A}.Release|Any CPU.Build.0 = Release|Any CPU
		{9AD3F70E-D51C-49D7-94AE-EB217DCA4B2A}.Debug|Any CPU.ActiveCfg = Debug|Any CPU
		{9AD3F70E-D51C-49D7-94AE-EB217DCA4B2A}.Debug|Any CPU.Build.0 = Debug|Any CPU
		{9AD3F70E-D51C-49D7-94AE-EB217DCA4B2A}.Release|Any CPU.ActiveCfg = Release|Any CPU
		{9AD3F70E-D51C-49D7-94AE-EB217DCA4B2A}.Release|Any CPU.Build.0 = Release|Any CPU
	EndGlobalSection
	GlobalSection(SolutionProperties) = preSolution
		HideSolutionNode = FALSE
	EndGlobalSection
	GlobalSection(NestedProjects) = preSolution
		{3DAE1E53-9785-4E88-8D43-7F33FE7231C3} = {2B0FB31A-A5BF-40C4-8130-329653842911}
		{268F7B54-70CA-4807-BA04-27D258D7E413} = {2B0FB31A-A5BF-40C4-8130-329653842911}
		{12CB6150-68E0-4AA2-8C19-2CD232D3394D} = {2B0FB31A-A5BF-40C4-8130-329653842911}
		{5BF2A8C1-572E-4504-8F9E-746A58AE54A3} = {2B0FB31A-A5BF-40C4-8130-329653842911}
		{4A04F019-4E31-47E9-857D-A78440A4FD40} = {0B28382B-84C7-4FC6-86E0-C44AF52A5AC5}
		{DE5461DC-90A7-4578-A112-F67C71CED142} = {2B0FB31A-A5BF-40C4-8130-329653842911}
		{2C5530AE-E094-4FD9-884B-C9CEA4D4D3A9} = {2B0FB31A-A5BF-40C4-8130-329653842911}
		{F4CB950E-FE7C-478C-BD00-EBD39B9728B3} = {2B0FB31A-A5BF-40C4-8130-329653842911}
		{B7657FAB-A0E7-459D-9141-BEE3B2256BA6} = {2B0FB31A-A5BF-40C4-8130-329653842911}
		{CC01433D-8162-4466-978C-F880C07659B2} = {2B0FB31A-A5BF-40C4-8130-329653842911}
		{52F64E29-6913-49D4-A5B4-5B638F47B91C} = {2B0FB31A-A5BF-40C4-8130-329653842911}
		{1BFEDEB0-9FFE-4F0F-B52B-46068A1E66D6} = {2B0FB31A-A5BF-40C4-8130-329653842911}
		{33DD196D-A959-4CBA-A4C9-9F4CBC9671E0} = {2B0FB31A-A5BF-40C4-8130-329653842911}
		{18FAB611-8D3E-45D0-AABC-86D97DDF642A} = {2B0FB31A-A5BF-40C4-8130-329653842911}
		{FF5D76A8-B50E-4FB2-B87B-54A198F1EFB2} = {2B0FB31A-A5BF-40C4-8130-329653842911}
		{B1C238DA-C962-4F87-AB02-8D2F85C29EB1} = {0B28382B-84C7-4FC6-86E0-C44AF52A5AC5}
		{D8CC2D73-76B8-4F8C-B1B7-4B3CDCF7490B} = {0B28382B-84C7-4FC6-86E0-C44AF52A5AC5}
		{EF23B40F-A6D4-4DF2-943A-4C03027D943D} = {2B0FB31A-A5BF-40C4-8130-329653842911}
		{59BB3039-9A27-4EA6-A9BC-EE9CF42547E4} = {2B0FB31A-A5BF-40C4-8130-329653842911}
		{76A50D5A-EA16-4BC8-8F2F-7B5D80516E68} = {2B0FB31A-A5BF-40C4-8130-329653842911}
		{8E826806-BFDC-49B5-B806-69D3B4196DC1} = {0B28382B-84C7-4FC6-86E0-C44AF52A5AC5}
		{78DA0D51-C886-408C-924B-8B80E682D871} = {E1900297-888C-4F94-92BE-5AF33CBAA25D}
		{D158CCF6-1808-4C46-BBB6-07D13DB9E5E6} = {E1900297-888C-4F94-92BE-5AF33CBAA25D}
		{0BCE2264-AA40-408A-A5FD-97BCB9B4A356} = {E1900297-888C-4F94-92BE-5AF33CBAA25D}
		{6AC70489-FE5A-4598-9396-D591F95BC805} = {E1900297-888C-4F94-92BE-5AF33CBAA25D}
		{3BADDACB-70C2-4691-96F4-1BB6B74B3170} = {E1900297-888C-4F94-92BE-5AF33CBAA25D}
		{49A1E1FD-46C3-4A9A-995E-D225E225A159} = {E1900297-888C-4F94-92BE-5AF33CBAA25D}
		{DC5FF580-6844-4A1E-A6C3-E6625B436348} = {E1900297-888C-4F94-92BE-5AF33CBAA25D}
		{68AAD161-D9E0-42EC-B411-F322F03FF808} = {E1900297-888C-4F94-92BE-5AF33CBAA25D}
		{80FC8E4F-1635-45E4-BD98-FD3FFABCEE1A} = {E1900297-888C-4F94-92BE-5AF33CBAA25D}
		{D41602D3-8350-4F41-9A15-621C2423378F} = {E1900297-888C-4F94-92BE-5AF33CBAA25D}
		{940BB105-2323-416F-A430-F553CE49251B} = {E1900297-888C-4F94-92BE-5AF33CBAA25D}
		{158F53CC-65C7-4991-A4E0-99A0877AF54C} = {E1900297-888C-4F94-92BE-5AF33CBAA25D}
		{82ACF768-FA18-490F-8FB3-2B1C02F48E39} = {E1900297-888C-4F94-92BE-5AF33CBAA25D}
		{EE5EB411-FF90-45F7-82D1-14ACCA772BF8} = {E1900297-888C-4F94-92BE-5AF33CBAA25D}
		{B0571AFE-C1AA-4C15-AEB6-481AEB074024} = {E1900297-888C-4F94-92BE-5AF33CBAA25D}
		{1E15B2A3-75E1-4474-A700-5266A39CC3FF} = {E1900297-888C-4F94-92BE-5AF33CBAA25D}
		{F6A58B87-488F-40AB-B85A-88450A6BA8DA} = {0B28382B-84C7-4FC6-86E0-C44AF52A5AC5}
		{508599E6-CE80-4D09-92D6-064B1097E25A} = {0B28382B-84C7-4FC6-86E0-C44AF52A5AC5}
		{1F3DF3C9-38FE-4350-B1A8-6975D8D0AF34} = {E1900297-888C-4F94-92BE-5AF33CBAA25D}
		{4FA03818-FE77-45A6-AB4B-46F1D4708402} = {E1900297-888C-4F94-92BE-5AF33CBAA25D}
		{CBB656F0-1209-4D13-A86D-11BCBDC0BCF0} = {E1900297-888C-4F94-92BE-5AF33CBAA25D}
		{C7B61A28-F260-4B22-81FA-2A8CE9977D9E} = {D431E645-5019-43D4-9C6E-C85A97FD221B}
		{E55F07AD-55C2-4F7F-B29F-3B95A113487F} = {E1900297-888C-4F94-92BE-5AF33CBAA25D}
		{DE8C7FEA-55FD-4CEA-BADF-2258FBF07D8E} = {E1900297-888C-4F94-92BE-5AF33CBAA25D}
		{F84B17E2-27ED-4385-B6B6-5336997D5C7F} = {D431E645-5019-43D4-9C6E-C85A97FD221B}
		{23E7C40B-3EB6-4CF4-AD8D-26DF38C65FD1} = {D431E645-5019-43D4-9C6E-C85A97FD221B}
		{BA997AA7-023C-4157-AD39-EECF0E06792D} = {D431E645-5019-43D4-9C6E-C85A97FD221B}
		{4FCB66BB-F412-4FB1-A396-A591704A3CEB} = {D431E645-5019-43D4-9C6E-C85A97FD221B}
		{11A2694B-D757-439B-9BB8-8F3239639F9C} = {D431E645-5019-43D4-9C6E-C85A97FD221B}
		{B3184B6E-AFAB-4A0B-B822-5B8EA244788A} = {D431E645-5019-43D4-9C6E-C85A97FD221B}
		{D1A21042-040D-4E36-870D-5D21C8DF00D6} = {D431E645-5019-43D4-9C6E-C85A97FD221B}
		{B193727A-C672-406A-A564-23B476D16AA9} = {D431E645-5019-43D4-9C6E-C85A97FD221B}
		{19462053-2B2D-4EA4-A754-CCD4EF1ACA4C} = {D431E645-5019-43D4-9C6E-C85A97FD221B}
		{07A0B115-82F5-40B3-B865-26A15E25F2D4} = {D431E645-5019-43D4-9C6E-C85A97FD221B}
		{103B0283-4908-4ED2-B77D-C01CAD5DB4EA} = {D431E645-5019-43D4-9C6E-C85A97FD221B}
		{626E75F2-3391-482F-89B4-A5D4D3BD3B48} = {D431E645-5019-43D4-9C6E-C85A97FD221B}
		{4A0B4952-4997-4C46-A45A-8B9AE4A3164F} = {D431E645-5019-43D4-9C6E-C85A97FD221B}
		{A6DC4353-54D4-4CF2-9A1D-505FE57330DF} = {D431E645-5019-43D4-9C6E-C85A97FD221B}
		{046652B3-5F83-49B1-BAD1-657B97E6A6E0} = {D431E645-5019-43D4-9C6E-C85A97FD221B}
		{636DBE2F-5E46-4A39-9795-EB1755EEF342} = {1C99D3B0-133F-468B-BFD9-3631A9ABBE22}
		{5E96F961-704E-4377-BE3A-BD7E827A583B} = {1C99D3B0-133F-468B-BFD9-3631A9ABBE22}
		{2A62A636-6C92-4D91-B93E-D555133B8A63} = {1C99D3B0-133F-468B-BFD9-3631A9ABBE22}
		{DB6DB1AD-0608-4261-BFCF-F39558149749} = {1C99D3B0-133F-468B-BFD9-3631A9ABBE22}
		{BDF9555C-66EF-4179-827B-A6D82DD9D517} = {1C99D3B0-133F-468B-BFD9-3631A9ABBE22}
		{6C216C1F-7B2C-4D63-88A2-251A27CE9642} = {1C99D3B0-133F-468B-BFD9-3631A9ABBE22}
		{0070247E-7D5B-4105-8C0D-5D4B216E91FC} = {1C99D3B0-133F-468B-BFD9-3631A9ABBE22}
		{C48CF7FF-A2D5-4EB3-AF39-B72BB1B3D477} = {1C99D3B0-133F-468B-BFD9-3631A9ABBE22}
		{4A363877-A165-4DC2-91DD-143240EDE991} = {CCE6724A-2099-445A-BECD-BFBF006D59AD}
		{0F911267-6DF2-4E9B-A990-E6005C6EB47A} = {CCE6724A-2099-445A-BECD-BFBF006D59AD}
		{9AD3F70E-D51C-49D7-94AE-EB217DCA4B2A} = {CCE6724A-2099-445A-BECD-BFBF006D59AD}
	EndGlobalSection
	GlobalSection(ExtensibilityGlobals) = postSolution
		SolutionGuid = {DDD6FA89-BCD7-45A1-AF2F-0230E7D92E58}
	EndGlobalSection
EndGlobal
